// !$*UTF8*$!
{
	archiveVersion = 1;
	classes = {
	};
	objectVersion = 56;
	objects = {

/* Begin PBXBuildFile section */
		043FDF62298E2F33003A7295 /* SuccessViewController.swift in Sources */ = {isa = PBXBuildFile; fileRef = 043FDF61298E2F33003A7295 /* SuccessViewController.swift */; };
		043FDF69298E2FA8003A7295 /* Success.storyboard in Resources */ = {isa = PBXBuildFile; fileRef = 043FDF68298E2FA8003A7295 /* Success.storyboard */; };
		04445EBC298AFB2200B13D5D /* OpenSans-Semibold.ttf in Resources */ = {isa = PBXBuildFile; fileRef = 04445EBB298AFB2200B13D5D /* OpenSans-Semibold.ttf */; };
		04445EBE298AFB2C00B13D5D /* OpenSans-Bold.ttf in Resources */ = {isa = PBXBuildFile; fileRef = 04445EBD298AFB2C00B13D5D /* OpenSans-Bold.ttf */; };
		046E52912988B8BB009E9F3F /* AppDelegate.swift in Sources */ = {isa = PBXBuildFile; fileRef = 046E52902988B8BB009E9F3F /* AppDelegate.swift */; };
		046E52932988B8BB009E9F3F /* SceneDelegate.swift in Sources */ = {isa = PBXBuildFile; fileRef = 046E52922988B8BB009E9F3F /* SceneDelegate.swift */; };
		046E52952988B8BB009E9F3F /* LogInViewController.swift in Sources */ = {isa = PBXBuildFile; fileRef = 046E52942988B8BB009E9F3F /* LogInViewController.swift */; };
		046E529A2988B8BD009E9F3F /* Assets.xcassets in Resources */ = {isa = PBXBuildFile; fileRef = 046E52992988B8BD009E9F3F /* Assets.xcassets */; };
		046E529D2988B8BD009E9F3F /* LaunchScreen.storyboard in Resources */ = {isa = PBXBuildFile; fileRef = 046E529B2988B8BD009E9F3F /* LaunchScreen.storyboard */; };
		046E52A82988BC24009E9F3F /* UIColor+.swift in Sources */ = {isa = PBXBuildFile; fileRef = 046E52A72988BC24009E9F3F /* UIColor+.swift */; };
		046E52AB2988CAC2009E9F3F /* OpenSans-Regular.ttf in Resources */ = {isa = PBXBuildFile; fileRef = 046E52AA2988CAC2009E9F3F /* OpenSans-Regular.ttf */; };
		046E52B02988F6C6009E9F3F /* LPButton.swift in Sources */ = {isa = PBXBuildFile; fileRef = 046E52AF2988F6C6009E9F3F /* LPButton.swift */; };
		046E52B52989906A009E9F3F /* UITextField+.swift in Sources */ = {isa = PBXBuildFile; fileRef = 046E52B42989906A009E9F3F /* UITextField+.swift */; };
		046E52B82989987D009E9F3F /* LogIn.swift in Sources */ = {isa = PBXBuildFile; fileRef = 046E52B72989987D009E9F3F /* LogIn.swift */; };
		046E52BA2989B6D0009E9F3F /* CreateAccountViewController.swift in Sources */ = {isa = PBXBuildFile; fileRef = 046E52B92989B6D0009E9F3F /* CreateAccountViewController.swift */; };
		046E52BC2989B6E7009E9F3F /* CreateAccount.storyboard in Resources */ = {isa = PBXBuildFile; fileRef = 046E52BB2989B6E7009E9F3F /* CreateAccount.storyboard */; };
		04808D4F298C574B0018CB04 /* CreatePassword.storyboard in Resources */ = {isa = PBXBuildFile; fileRef = 04808D4E298C574B0018CB04 /* CreatePassword.storyboard */; };
		04808D52298C57CA0018CB04 /* CreatePasswordViewController.swift in Sources */ = {isa = PBXBuildFile; fileRef = 04808D51298C57CA0018CB04 /* CreatePasswordViewController.swift */; };
		048680B52989D29300193579 /* Main.storyboard in Resources */ = {isa = PBXBuildFile; fileRef = 048680B42989D29300193579 /* Main.storyboard */; };
		04C730BA298A23DF00FBDF3E /* LPView.swift in Sources */ = {isa = PBXBuildFile; fileRef = 04C730B9298A23DF00FBDF3E /* LPView.swift */; };
/* End PBXBuildFile section */

/* Begin PBXFileReference section */
		043FDF61298E2F33003A7295 /* SuccessViewController.swift */ = {isa = PBXFileReference; lastKnownFileType = sourcecode.swift; path = SuccessViewController.swift; sourceTree = "<group>"; };
		043FDF68298E2FA8003A7295 /* Success.storyboard */ = {isa = PBXFileReference; lastKnownFileType = file.storyboard; path = Success.storyboard; sourceTree = "<group>"; };
		04445EBB298AFB2200B13D5D /* OpenSans-Semibold.ttf */ = {isa = PBXFileReference; lastKnownFileType = file; path = "OpenSans-Semibold.ttf"; sourceTree = "<group>"; };
		04445EBD298AFB2C00B13D5D /* OpenSans-Bold.ttf */ = {isa = PBXFileReference; lastKnownFileType = file; path = "OpenSans-Bold.ttf"; sourceTree = "<group>"; };
		046E528D2988B8BB009E9F3F /* MKTFU.app */ = {isa = PBXFileReference; explicitFileType = wrapper.application; includeInIndex = 0; path = MKTFU.app; sourceTree = BUILT_PRODUCTS_DIR; };
		046E52902988B8BB009E9F3F /* AppDelegate.swift */ = {isa = PBXFileReference; lastKnownFileType = sourcecode.swift; path = AppDelegate.swift; sourceTree = "<group>"; };
		046E52922988B8BB009E9F3F /* SceneDelegate.swift */ = {isa = PBXFileReference; lastKnownFileType = sourcecode.swift; path = SceneDelegate.swift; sourceTree = "<group>"; };
		046E52942988B8BB009E9F3F /* LogInViewController.swift */ = {isa = PBXFileReference; lastKnownFileType = sourcecode.swift; path = LogInViewController.swift; sourceTree = "<group>"; };
		046E52992988B8BD009E9F3F /* Assets.xcassets */ = {isa = PBXFileReference; lastKnownFileType = folder.assetcatalog; path = Assets.xcassets; sourceTree = "<group>"; };
		046E529C2988B8BD009E9F3F /* Base */ = {isa = PBXFileReference; lastKnownFileType = file.storyboard; name = Base; path = Base.lproj/LaunchScreen.storyboard; sourceTree = "<group>"; };
		046E529E2988B8BD009E9F3F /* Info.plist */ = {isa = PBXFileReference; lastKnownFileType = text.plist.xml; path = Info.plist; sourceTree = "<group>"; };
		046E52A72988BC24009E9F3F /* UIColor+.swift */ = {isa = PBXFileReference; lastKnownFileType = sourcecode.swift; path = "UIColor+.swift"; sourceTree = "<group>"; };
		046E52AA2988CAC2009E9F3F /* OpenSans-Regular.ttf */ = {isa = PBXFileReference; lastKnownFileType = file; path = "OpenSans-Regular.ttf"; sourceTree = "<group>"; };
		046E52AF2988F6C6009E9F3F /* LPButton.swift */ = {isa = PBXFileReference; lastKnownFileType = sourcecode.swift; path = LPButton.swift; sourceTree = "<group>"; };
		046E52B42989906A009E9F3F /* UITextField+.swift */ = {isa = PBXFileReference; lastKnownFileType = sourcecode.swift; path = "UITextField+.swift"; sourceTree = "<group>"; };
		046E52B72989987D009E9F3F /* LogIn.swift */ = {isa = PBXFileReference; lastKnownFileType = sourcecode.swift; path = LogIn.swift; sourceTree = "<group>"; };
		046E52B92989B6D0009E9F3F /* CreateAccountViewController.swift */ = {isa = PBXFileReference; lastKnownFileType = sourcecode.swift; path = CreateAccountViewController.swift; sourceTree = "<group>"; };
		046E52BB2989B6E7009E9F3F /* CreateAccount.storyboard */ = {isa = PBXFileReference; lastKnownFileType = file.storyboard; path = CreateAccount.storyboard; sourceTree = "<group>"; };
		04808D4E298C574B0018CB04 /* CreatePassword.storyboard */ = {isa = PBXFileReference; lastKnownFileType = file.storyboard; path = CreatePassword.storyboard; sourceTree = "<group>"; };
		04808D51298C57CA0018CB04 /* CreatePasswordViewController.swift */ = {isa = PBXFileReference; lastKnownFileType = sourcecode.swift; path = CreatePasswordViewController.swift; sourceTree = "<group>"; };
		048680B42989D29300193579 /* Main.storyboard */ = {isa = PBXFileReference; lastKnownFileType = file.storyboard; path = Main.storyboard; sourceTree = "<group>"; };
		04C730B9298A23DF00FBDF3E /* LPView.swift */ = {isa = PBXFileReference; fileEncoding = 4; lastKnownFileType = sourcecode.swift; path = LPView.swift; sourceTree = "<group>"; };
/* End PBXFileReference section */

/* Begin PBXFrameworksBuildPhase section */
		046E528A2988B8BB009E9F3F /* Frameworks */ = {
			isa = PBXFrameworksBuildPhase;
			buildActionMask = 2147483647;
			files = (
			);
			runOnlyForDeploymentPostprocessing = 0;
		};
/* End PBXFrameworksBuildPhase section */

/* Begin PBXGroup section */
		043FDF60298E2E72003A7295 /* Success */ = {
			isa = PBXGroup;
			children = (
				043FDF61298E2F33003A7295 /* SuccessViewController.swift */,
			);
			path = Success;
			sourceTree = "<group>";
		};
		043FDF63298E2F3D003A7295 /* Success */ = {
			isa = PBXGroup;
			children = (
				043FDF68298E2FA8003A7295 /* Success.storyboard */,
			);
			path = Success;
			sourceTree = "<group>";
		};
		043FDF64298E2F40003A7295 /* CreatePassword */ = {
			isa = PBXGroup;
			children = (
				04808D4E298C574B0018CB04 /* CreatePassword.storyboard */,
			);
			path = CreatePassword;
			sourceTree = "<group>";
		};
		043FDF65298E2F42003A7295 /* CreateAccount */ = {
			isa = PBXGroup;
			children = (
				046E52BB2989B6E7009E9F3F /* CreateAccount.storyboard */,
			);
			path = CreateAccount;
			sourceTree = "<group>";
		};
		043FDF66298E2F45003A7295 /* LogIn */ = {
			isa = PBXGroup;
			children = (
				048680B42989D29300193579 /* Main.storyboard */,
			);
			path = LogIn;
			sourceTree = "<group>";
		};
		043FDF67298E2F75003A7295 /* CreatePassword */ = {
			isa = PBXGroup;
			children = (
				04808D51298C57CA0018CB04 /* CreatePasswordViewController.swift */,
			);
			path = CreatePassword;
			sourceTree = "<group>";
		};
		046E52842988B8BB009E9F3F = {
			isa = PBXGroup;
			children = (
				046E528F2988B8BB009E9F3F /* MKTFU */,
				046E528E2988B8BB009E9F3F /* Products */,
			);
			sourceTree = "<group>";
		};
		046E528E2988B8BB009E9F3F /* Products */ = {
			isa = PBXGroup;
			children = (
				046E528D2988B8BB009E9F3F /* MKTFU.app */,
			);
			name = Products;
			sourceTree = "<group>";
		};
		046E528F2988B8BB009E9F3F /* MKTFU */ = {
			isa = PBXGroup;
			children = (
				046E52902988B8BB009E9F3F /* AppDelegate.swift */,
				046E52922988B8BB009E9F3F /* SceneDelegate.swift */,
				046E52A92988CA9C009E9F3F /* Fonts */,
				046E52A62988BAC5009E9F3F /* Helps */,
				046E52B629899861009E9F3F /* Models */,
				046E52A42988B8D2009E9F3F /* Controllers */,
				046E52A52988B8DF009E9F3F /* Views */,
				046E52992988B8BD009E9F3F /* Assets.xcassets */,
				046E529B2988B8BD009E9F3F /* LaunchScreen.storyboard */,
				046E529E2988B8BD009E9F3F /* Info.plist */,
			);
			path = MKTFU;
			sourceTree = "<group>";
		};
		046E52A42988B8D2009E9F3F /* Controllers */ = {
			isa = PBXGroup;
			children = (
				046E52B1298987E3009E9F3F /* LogIn */,
				04808D50298C57680018CB04 /* CreateAccount */,
				043FDF67298E2F75003A7295 /* CreatePassword */,
				043FDF60298E2E72003A7295 /* Success */,
			);
			path = Controllers;
			sourceTree = "<group>";
		};
		046E52A52988B8DF009E9F3F /* Views */ = {
			isa = PBXGroup;
			children = (
				043FDF66298E2F45003A7295 /* LogIn */,
				043FDF65298E2F42003A7295 /* CreateAccount */,
				043FDF64298E2F40003A7295 /* CreatePassword */,
				043FDF63298E2F3D003A7295 /* Success */,
			);
			path = Views;
			sourceTree = "<group>";
		};
		046E52A62988BAC5009E9F3F /* Helps */ = {
			isa = PBXGroup;
			children = (
				046E52AE2988F6A3009E9F3F /* Extensions */,
				046E52AD2988F69D009E9F3F /* Base */,
			);
			path = Helps;
			sourceTree = "<group>";
		};
		046E52A92988CA9C009E9F3F /* Fonts */ = {
			isa = PBXGroup;
			children = (
				046E52AA2988CAC2009E9F3F /* OpenSans-Regular.ttf */,
				04445EBB298AFB2200B13D5D /* OpenSans-Semibold.ttf */,
				04445EBD298AFB2C00B13D5D /* OpenSans-Bold.ttf */,
			);
			path = Fonts;
			sourceTree = "<group>";
		};
		046E52AD2988F69D009E9F3F /* Base */ = {
			isa = PBXGroup;
			children = (
				046E52AF2988F6C6009E9F3F /* LPButton.swift */,
				04C730B9298A23DF00FBDF3E /* LPView.swift */,
			);
			path = Base;
			sourceTree = "<group>";
		};
		046E52AE2988F6A3009E9F3F /* Extensions */ = {
			isa = PBXGroup;
			children = (
				046E52A72988BC24009E9F3F /* UIColor+.swift */,
				046E52B42989906A009E9F3F /* UITextField+.swift */,
			);
			path = Extensions;
			sourceTree = "<group>";
		};
		046E52B1298987E3009E9F3F /* LogIn */ = {
			isa = PBXGroup;
			children = (
				046E52942988B8BB009E9F3F /* LogInViewController.swift */,
			);
			path = LogIn;
			sourceTree = "<group>";
		};
		046E52B629899861009E9F3F /* Models */ = {
			isa = PBXGroup;
			children = (
				046E52B72989987D009E9F3F /* LogIn.swift */,
			);
			path = Models;
			sourceTree = "<group>";
		};
		04808D50298C57680018CB04 /* CreateAccount */ = {
			isa = PBXGroup;
			children = (
				046E52B92989B6D0009E9F3F /* CreateAccountViewController.swift */,
			);
			path = CreateAccount;
			sourceTree = "<group>";
		};
/* End PBXGroup section */

/* Begin PBXNativeTarget section */
		046E528C2988B8BB009E9F3F /* MKTFU */ = {
			isa = PBXNativeTarget;
			buildConfigurationList = 046E52A12988B8BD009E9F3F /* Build configuration list for PBXNativeTarget "MKTFU" */;
			buildPhases = (
				046E52892988B8BB009E9F3F /* Sources */,
				046E528A2988B8BB009E9F3F /* Frameworks */,
				046E528B2988B8BB009E9F3F /* Resources */,
			);
			buildRules = (
			);
			dependencies = (
			);
			name = MKTFU;
			productName = MKTFU;
			productReference = 046E528D2988B8BB009E9F3F /* MKTFU.app */;
			productType = "com.apple.product-type.application";
		};
/* End PBXNativeTarget section */

/* Begin PBXProject section */
		046E52852988B8BB009E9F3F /* Project object */ = {
			isa = PBXProject;
			attributes = {
				BuildIndependentTargetsInParallel = 1;
				LastSwiftUpdateCheck = 1410;
				LastUpgradeCheck = 1410;
				TargetAttributes = {
					046E528C2988B8BB009E9F3F = {
						CreatedOnToolsVersion = 14.1;
					};
				};
			};
			buildConfigurationList = 046E52882988B8BB009E9F3F /* Build configuration list for PBXProject "MKTFU" */;
			compatibilityVersion = "Xcode 14.0";
			developmentRegion = en;
			hasScannedForEncodings = 0;
			knownRegions = (
				en,
				Base,
			);
			mainGroup = 046E52842988B8BB009E9F3F;
			productRefGroup = 046E528E2988B8BB009E9F3F /* Products */;
			projectDirPath = "";
			projectRoot = "";
			targets = (
				046E528C2988B8BB009E9F3F /* MKTFU */,
			);
		};
/* End PBXProject section */

/* Begin PBXResourcesBuildPhase section */
		046E528B2988B8BB009E9F3F /* Resources */ = {
			isa = PBXResourcesBuildPhase;
			buildActionMask = 2147483647;
			files = (
				04445EBC298AFB2200B13D5D /* OpenSans-Semibold.ttf in Resources */,
				04445EBE298AFB2C00B13D5D /* OpenSans-Bold.ttf in Resources */,
				043FDF69298E2FA8003A7295 /* Success.storyboard in Resources */,
				046E529D2988B8BD009E9F3F /* LaunchScreen.storyboard in Resources */,
				046E529A2988B8BD009E9F3F /* Assets.xcassets in Resources */,
				046E52BC2989B6E7009E9F3F /* CreateAccount.storyboard in Resources */,
				046E52AB2988CAC2009E9F3F /* OpenSans-Regular.ttf in Resources */,
				048680B52989D29300193579 /* Main.storyboard in Resources */,
				04808D4F298C574B0018CB04 /* CreatePassword.storyboard in Resources */,
			);
			runOnlyForDeploymentPostprocessing = 0;
		};
/* End PBXResourcesBuildPhase section */

/* Begin PBXSourcesBuildPhase section */
		046E52892988B8BB009E9F3F /* Sources */ = {
			isa = PBXSourcesBuildPhase;
			buildActionMask = 2147483647;
			files = (
				04C730BA298A23DF00FBDF3E /* LPView.swift in Sources */,
				046E52B02988F6C6009E9F3F /* LPButton.swift in Sources */,
				046E52952988B8BB009E9F3F /* LogInViewController.swift in Sources */,
				043FDF62298E2F33003A7295 /* SuccessViewController.swift in Sources */,
				046E52A82988BC24009E9F3F /* UIColor+.swift in Sources */,
				046E52B82989987D009E9F3F /* LogIn.swift in Sources */,
				046E52BA2989B6D0009E9F3F /* CreateAccountViewController.swift in Sources */,
				046E52B52989906A009E9F3F /* UITextField+.swift in Sources */,
				046E52912988B8BB009E9F3F /* AppDelegate.swift in Sources */,
				046E52932988B8BB009E9F3F /* SceneDelegate.swift in Sources */,
				04808D52298C57CA0018CB04 /* CreatePasswordViewController.swift in Sources */,
			);
			runOnlyForDeploymentPostprocessing = 0;
		};
/* End PBXSourcesBuildPhase section */

/* Begin PBXVariantGroup section */
		046E529B2988B8BD009E9F3F /* LaunchScreen.storyboard */ = {
			isa = PBXVariantGroup;
			children = (
				046E529C2988B8BD009E9F3F /* Base */,
			);
			name = LaunchScreen.storyboard;
			sourceTree = "<group>";
		};
/* End PBXVariantGroup section */

/* Begin XCBuildConfiguration section */
		046E529F2988B8BD009E9F3F /* Debug */ = {
			isa = XCBuildConfiguration;
			buildSettings = {
				ALWAYS_SEARCH_USER_PATHS = NO;
				CLANG_ANALYZER_NONNULL = YES;
				CLANG_ANALYZER_NUMBER_OBJECT_CONVERSION = YES_AGGRESSIVE;
				CLANG_CXX_LANGUAGE_STANDARD = "gnu++20";
				CLANG_ENABLE_MODULES = YES;
				CLANG_ENABLE_OBJC_ARC = YES;
				CLANG_ENABLE_OBJC_WEAK = YES;
				CLANG_WARN_BLOCK_CAPTURE_AUTORELEASING = YES;
				CLANG_WARN_BOOL_CONVERSION = YES;
				CLANG_WARN_COMMA = YES;
				CLANG_WARN_CONSTANT_CONVERSION = YES;
				CLANG_WARN_DEPRECATED_OBJC_IMPLEMENTATIONS = YES;
				CLANG_WARN_DIRECT_OBJC_ISA_USAGE = YES_ERROR;
				CLANG_WARN_DOCUMENTATION_COMMENTS = YES;
				CLANG_WARN_EMPTY_BODY = YES;
				CLANG_WARN_ENUM_CONVERSION = YES;
				CLANG_WARN_INFINITE_RECURSION = YES;
				CLANG_WARN_INT_CONVERSION = YES;
				CLANG_WARN_NON_LITERAL_NULL_CONVERSION = YES;
				CLANG_WARN_OBJC_IMPLICIT_RETAIN_SELF = YES;
				CLANG_WARN_OBJC_LITERAL_CONVERSION = YES;
				CLANG_WARN_OBJC_ROOT_CLASS = YES_ERROR;
				CLANG_WARN_QUOTED_INCLUDE_IN_FRAMEWORK_HEADER = YES;
				CLANG_WARN_RANGE_LOOP_ANALYSIS = YES;
				CLANG_WARN_STRICT_PROTOTYPES = YES;
				CLANG_WARN_SUSPICIOUS_MOVE = YES;
				CLANG_WARN_UNGUARDED_AVAILABILITY = YES_AGGRESSIVE;
				CLANG_WARN_UNREACHABLE_CODE = YES;
				CLANG_WARN__DUPLICATE_METHOD_MATCH = YES;
				COPY_PHASE_STRIP = NO;
				DEBUG_INFORMATION_FORMAT = dwarf;
				ENABLE_STRICT_OBJC_MSGSEND = YES;
				ENABLE_TESTABILITY = YES;
				GCC_C_LANGUAGE_STANDARD = gnu11;
				GCC_DYNAMIC_NO_PIC = NO;
				GCC_NO_COMMON_BLOCKS = YES;
				GCC_OPTIMIZATION_LEVEL = 0;
				GCC_PREPROCESSOR_DEFINITIONS = (
					"DEBUG=1",
					"$(inherited)",
				);
				GCC_WARN_64_TO_32_BIT_CONVERSION = YES;
				GCC_WARN_ABOUT_RETURN_TYPE = YES_ERROR;
				GCC_WARN_UNDECLARED_SELECTOR = YES;
				GCC_WARN_UNINITIALIZED_AUTOS = YES_AGGRESSIVE;
				GCC_WARN_UNUSED_FUNCTION = YES;
				GCC_WARN_UNUSED_VARIABLE = YES;
				IPHONEOS_DEPLOYMENT_TARGET = 16.1;
				MTL_ENABLE_DEBUG_INFO = INCLUDE_SOURCE;
				MTL_FAST_MATH = YES;
				ONLY_ACTIVE_ARCH = YES;
				SDKROOT = iphoneos;
				SWIFT_ACTIVE_COMPILATION_CONDITIONS = DEBUG;
				SWIFT_OPTIMIZATION_LEVEL = "-Onone";
			};
			name = Debug;
		};
		046E52A02988B8BD009E9F3F /* Release */ = {
			isa = XCBuildConfiguration;
			buildSettings = {
				ALWAYS_SEARCH_USER_PATHS = NO;
				CLANG_ANALYZER_NONNULL = YES;
				CLANG_ANALYZER_NUMBER_OBJECT_CONVERSION = YES_AGGRESSIVE;
				CLANG_CXX_LANGUAGE_STANDARD = "gnu++20";
				CLANG_ENABLE_MODULES = YES;
				CLANG_ENABLE_OBJC_ARC = YES;
				CLANG_ENABLE_OBJC_WEAK = YES;
				CLANG_WARN_BLOCK_CAPTURE_AUTORELEASING = YES;
				CLANG_WARN_BOOL_CONVERSION = YES;
				CLANG_WARN_COMMA = YES;
				CLANG_WARN_CONSTANT_CONVERSION = YES;
				CLANG_WARN_DEPRECATED_OBJC_IMPLEMENTATIONS = YES;
				CLANG_WARN_DIRECT_OBJC_ISA_USAGE = YES_ERROR;
				CLANG_WARN_DOCUMENTATION_COMMENTS = YES;
				CLANG_WARN_EMPTY_BODY = YES;
				CLANG_WARN_ENUM_CONVERSION = YES;
				CLANG_WARN_INFINITE_RECURSION = YES;
				CLANG_WARN_INT_CONVERSION = YES;
				CLANG_WARN_NON_LITERAL_NULL_CONVERSION = YES;
				CLANG_WARN_OBJC_IMPLICIT_RETAIN_SELF = YES;
				CLANG_WARN_OBJC_LITERAL_CONVERSION = YES;
				CLANG_WARN_OBJC_ROOT_CLASS = YES_ERROR;
				CLANG_WARN_QUOTED_INCLUDE_IN_FRAMEWORK_HEADER = YES;
				CLANG_WARN_RANGE_LOOP_ANALYSIS = YES;
				CLANG_WARN_STRICT_PROTOTYPES = YES;
				CLANG_WARN_SUSPICIOUS_MOVE = YES;
				CLANG_WARN_UNGUARDED_AVAILABILITY = YES_AGGRESSIVE;
				CLANG_WARN_UNREACHABLE_CODE = YES;
				CLANG_WARN__DUPLICATE_METHOD_MATCH = YES;
				COPY_PHASE_STRIP = NO;
				DEBUG_INFORMATION_FORMAT = "dwarf-with-dsym";
				ENABLE_NS_ASSERTIONS = NO;
				ENABLE_STRICT_OBJC_MSGSEND = YES;
				GCC_C_LANGUAGE_STANDARD = gnu11;
				GCC_NO_COMMON_BLOCKS = YES;
				GCC_WARN_64_TO_32_BIT_CONVERSION = YES;
				GCC_WARN_ABOUT_RETURN_TYPE = YES_ERROR;
				GCC_WARN_UNDECLARED_SELECTOR = YES;
				GCC_WARN_UNINITIALIZED_AUTOS = YES_AGGRESSIVE;
				GCC_WARN_UNUSED_FUNCTION = YES;
				GCC_WARN_UNUSED_VARIABLE = YES;
				IPHONEOS_DEPLOYMENT_TARGET = 16.1;
				MTL_ENABLE_DEBUG_INFO = NO;
				MTL_FAST_MATH = YES;
				SDKROOT = iphoneos;
				SWIFT_COMPILATION_MODE = wholemodule;
				SWIFT_OPTIMIZATION_LEVEL = "-O";
				VALIDATE_PRODUCT = YES;
			};
			name = Release;
		};
		046E52A22988B8BD009E9F3F /* Debug */ = {
			isa = XCBuildConfiguration;
			buildSettings = {
				ASSETCATALOG_COMPILER_APPICON_NAME = AppIcon;
				ASSETCATALOG_COMPILER_GLOBAL_ACCENT_COLOR_NAME = AccentColor;
				CODE_SIGN_STYLE = Automatic;
				CURRENT_PROJECT_VERSION = 1;
				DEVELOPMENT_TEAM = 2BA4KTCS56;
				GENERATE_INFOPLIST_FILE = YES;
				INFOPLIST_FILE = MKTFU/Info.plist;
				INFOPLIST_KEY_UIApplicationSupportsIndirectInputEvents = YES;
				INFOPLIST_KEY_UILaunchStoryboardName = LaunchScreen;
				INFOPLIST_KEY_UIMainStoryboardFile = Main;
				INFOPLIST_KEY_UISupportedInterfaceOrientations_iPad = "UIInterfaceOrientationPortrait UIInterfaceOrientationPortraitUpsideDown UIInterfaceOrientationLandscapeLeft UIInterfaceOrientationLandscapeRight";
				INFOPLIST_KEY_UISupportedInterfaceOrientations_iPhone = "UIInterfaceOrientationPortrait UIInterfaceOrientationLandscapeLeft UIInterfaceOrientationLandscapeRight";
				LD_RUNPATH_SEARCH_PATHS = (
					"$(inherited)",
					"@executable_path/Frameworks",
				);
				MARKETING_VERSION = 1.0;
				PRODUCT_BUNDLE_IDENTIFIER = com.MarianPliatsko.MKTFU;
				PRODUCT_NAME = "$(TARGET_NAME)";
				SWIFT_EMIT_LOC_STRINGS = YES;
				SWIFT_VERSION = 5.0;
				TARGETED_DEVICE_FAMILY = "1,2";
			};
			name = Debug;
		};
		046E52A32988B8BD009E9F3F /* Release */ = {
			isa = XCBuildConfiguration;
			buildSettings = {
				ASSETCATALOG_COMPILER_APPICON_NAME = AppIcon;
				ASSETCATALOG_COMPILER_GLOBAL_ACCENT_COLOR_NAME = AccentColor;
				CODE_SIGN_STYLE = Automatic;
				CURRENT_PROJECT_VERSION = 1;
				DEVELOPMENT_TEAM = 2BA4KTCS56;
				GENERATE_INFOPLIST_FILE = YES;
				INFOPLIST_FILE = MKTFU/Info.plist;
				INFOPLIST_KEY_UIApplicationSupportsIndirectInputEvents = YES;
				INFOPLIST_KEY_UILaunchStoryboardName = LaunchScreen;
				INFOPLIST_KEY_UIMainStoryboardFile = Main;
				INFOPLIST_KEY_UISupportedInterfaceOrientations_iPad = "UIInterfaceOrientationPortrait UIInterfaceOrientationPortraitUpsideDown UIInterfaceOrientationLandscapeLeft UIInterfaceOrientationLandscapeRight";
				INFOPLIST_KEY_UISupportedInterfaceOrientations_iPhone = "UIInterfaceOrientationPortrait UIInterfaceOrientationLandscapeLeft UIInterfaceOrientationLandscapeRight";
				LD_RUNPATH_SEARCH_PATHS = (
					"$(inherited)",
					"@executable_path/Frameworks",
				);
				MARKETING_VERSION = 1.0;
				PRODUCT_BUNDLE_IDENTIFIER = com.MarianPliatsko.MKTFU;
				PRODUCT_NAME = "$(TARGET_NAME)";
				SWIFT_EMIT_LOC_STRINGS = YES;
				SWIFT_VERSION = 5.0;
				TARGETED_DEVICE_FAMILY = "1,2";
			};
			name = Release;
		};
/* End XCBuildConfiguration section */

/* Begin XCConfigurationList section */
		046E52882988B8BB009E9F3F /* Build configuration list for PBXProject "MKTFU" */ = {
			isa = XCConfigurationList;
			buildConfigurations = (
				046E529F2988B8BD009E9F3F /* Debug */,
				046E52A02988B8BD009E9F3F /* Release */,
			);
			defaultConfigurationIsVisible = 0;
			defaultConfigurationName = Release;
		};
		046E52A12988B8BD009E9F3F /* Build configuration list for PBXNativeTarget "MKTFU" */ = {
			isa = XCConfigurationList;
			buildConfigurations = (
				046E52A22988B8BD009E9F3F /* Debug */,
				046E52A32988B8BD009E9F3F /* Release */,
			);
			defaultConfigurationIsVisible = 0;
			defaultConfigurationName = Release;
		};
/* End XCConfigurationList section */
	};
	rootObject = 046E52852988B8BB009E9F3F /* Project object */;
}
